// !$*UTF8*$!
{
	archiveVersion = 1;
	classes = {
	};
	objectVersion = 56;
	objects = {

/* Begin PBXBuildFile section */
		480A40042A69781800FA1E24 /* AppDelegate.swift in Sources */ = {isa = PBXBuildFile; fileRef = 480A40032A69781800FA1E24 /* AppDelegate.swift */; };
		480A40062A69781800FA1E24 /* SceneDelegate.swift in Sources */ = {isa = PBXBuildFile; fileRef = 480A40052A69781800FA1E24 /* SceneDelegate.swift */; };
		480A40082A69781800FA1E24 /* ViewController.swift in Sources */ = {isa = PBXBuildFile; fileRef = 480A40072A69781800FA1E24 /* ViewController.swift */; };
		480A400B2A69781800FA1E24 /* Main.storyboard in Resources */ = {isa = PBXBuildFile; fileRef = 480A40092A69781800FA1E24 /* Main.storyboard */; };
		480A400D2A69781900FA1E24 /* Assets.xcassets in Resources */ = {isa = PBXBuildFile; fileRef = 480A400C2A69781900FA1E24 /* Assets.xcassets */; };
		480A40102A69781900FA1E24 /* LaunchScreen.storyboard in Resources */ = {isa = PBXBuildFile; fileRef = 480A400E2A69781900FA1E24 /* LaunchScreen.storyboard */; };
		482E3C842AAA116100C16CE6 /* CustomColors.swift in Sources */ = {isa = PBXBuildFile; fileRef = 482E3C832AAA116100C16CE6 /* CustomColors.swift */; };
		48C395E42A9E41E200E9A20A /* Playlist.swift in Sources */ = {isa = PBXBuildFile; fileRef = 48C395E32A9E41E200E9A20A /* Playlist.swift */; };
		48C395E62A9E437D00E9A20A /* DataSource.swift in Sources */ = {isa = PBXBuildFile; fileRef = 48C395E52A9E437D00E9A20A /* DataSource.swift */; };
		48C8635E2A714DC6007577E0 /* ItemTrackView.swift in Sources */ = {isa = PBXBuildFile; fileRef = 48C8635D2A714DC6007577E0 /* ItemTrackView.swift */; };
		48C863602A714E60007577E0 /* Track.swift in Sources */ = {isa = PBXBuildFile; fileRef = 48C8635F2A714E60007577E0 /* Track.swift */; };
		48C863622A71534D007577E0 /* oxxxymiron.mp3 in Resources */ = {isa = PBXBuildFile; fileRef = 48C863612A71534D007577E0 /* oxxxymiron.mp3 */; };
		48C863642A716358007577E0 /* TrackViewController.swift in Sources */ = {isa = PBXBuildFile; fileRef = 48C863632A716358007577E0 /* TrackViewController.swift */; };
		48C863662A796671007577E0 /* Gangsta paradise.mp3 in Resources */ = {isa = PBXBuildFile; fileRef = 48C863652A796671007577E0 /* Gangsta paradise.mp3 */; };
/* End PBXBuildFile section */

/* Begin PBXFileReference section */
		480A40002A69781800FA1E24 /* MySpotify.app */ = {isa = PBXFileReference; explicitFileType = wrapper.application; includeInIndex = 0; path = MySpotify.app; sourceTree = BUILT_PRODUCTS_DIR; };
		480A40032A69781800FA1E24 /* AppDelegate.swift */ = {isa = PBXFileReference; lastKnownFileType = sourcecode.swift; path = AppDelegate.swift; sourceTree = "<group>"; };
		480A40052A69781800FA1E24 /* SceneDelegate.swift */ = {isa = PBXFileReference; lastKnownFileType = sourcecode.swift; path = SceneDelegate.swift; sourceTree = "<group>"; };
		480A40072A69781800FA1E24 /* ViewController.swift */ = {isa = PBXFileReference; lastKnownFileType = sourcecode.swift; path = ViewController.swift; sourceTree = "<group>"; };
		480A400A2A69781800FA1E24 /* Base */ = {isa = PBXFileReference; lastKnownFileType = file.storyboard; name = Base; path = Base.lproj/Main.storyboard; sourceTree = "<group>"; };
		480A400C2A69781900FA1E24 /* Assets.xcassets */ = {isa = PBXFileReference; lastKnownFileType = folder.assetcatalog; path = Assets.xcassets; sourceTree = "<group>"; };
		480A400F2A69781900FA1E24 /* Base */ = {isa = PBXFileReference; lastKnownFileType = file.storyboard; name = Base; path = Base.lproj/LaunchScreen.storyboard; sourceTree = "<group>"; };
		480A40112A69781900FA1E24 /* Info.plist */ = {isa = PBXFileReference; lastKnownFileType = text.plist.xml; path = Info.plist; sourceTree = "<group>"; };
		482E3C832AAA116100C16CE6 /* CustomColors.swift */ = {isa = PBXFileReference; lastKnownFileType = sourcecode.swift; path = CustomColors.swift; sourceTree = "<group>"; };
		48C395E32A9E41E200E9A20A /* Playlist.swift */ = {isa = PBXFileReference; lastKnownFileType = sourcecode.swift; path = Playlist.swift; sourceTree = "<group>"; };
		48C395E52A9E437D00E9A20A /* DataSource.swift */ = {isa = PBXFileReference; lastKnownFileType = sourcecode.swift; path = DataSource.swift; sourceTree = "<group>"; };
		48C8635D2A714DC6007577E0 /* ItemTrackView.swift */ = {isa = PBXFileReference; lastKnownFileType = sourcecode.swift; path = ItemTrackView.swift; sourceTree = "<group>"; };
		48C8635F2A714E60007577E0 /* Track.swift */ = {isa = PBXFileReference; lastKnownFileType = sourcecode.swift; path = Track.swift; sourceTree = "<group>"; };
		48C863612A71534D007577E0 /* oxxxymiron.mp3 */ = {isa = PBXFileReference; lastKnownFileType = audio.mp3; path = oxxxymiron.mp3; sourceTree = "<group>"; };
		48C863632A716358007577E0 /* TrackViewController.swift */ = {isa = PBXFileReference; lastKnownFileType = sourcecode.swift; path = TrackViewController.swift; sourceTree = "<group>"; };
		48C863652A796671007577E0 /* Gangsta paradise.mp3 */ = {isa = PBXFileReference; lastKnownFileType = audio.mp3; path = "Gangsta paradise.mp3"; sourceTree = "<group>"; };
/* End PBXFileReference section */

/* Begin PBXFrameworksBuildPhase section */
		480A3FFD2A69781800FA1E24 /* Frameworks */ = {
			isa = PBXFrameworksBuildPhase;
			buildActionMask = 2147483647;
			files = (
			);
			runOnlyForDeploymentPostprocessing = 0;
		};
/* End PBXFrameworksBuildPhase section */

/* Begin PBXGroup section */
		480A3FF72A69781800FA1E24 = {
			isa = PBXGroup;
			children = (
				480A40022A69781800FA1E24 /* MySpotify */,
				480A40012A69781800FA1E24 /* Products */,
			);
			sourceTree = "<group>";
		};
		480A40012A69781800FA1E24 /* Products */ = {
			isa = PBXGroup;
			children = (
				480A40002A69781800FA1E24 /* MySpotify.app */,
			);
			name = Products;
			sourceTree = "<group>";
		};
		480A40022A69781800FA1E24 /* MySpotify */ = {
			isa = PBXGroup;
			children = (
				480A40032A69781800FA1E24 /* AppDelegate.swift */,
				480A40052A69781800FA1E24 /* SceneDelegate.swift */,
				48C8635F2A714E60007577E0 /* Track.swift */,
				48C395E32A9E41E200E9A20A /* Playlist.swift */,
				480A40072A69781800FA1E24 /* ViewController.swift */,
				48C8635D2A714DC6007577E0 /* ItemTrackView.swift */,
				48C863632A716358007577E0 /* TrackViewController.swift */,
				482E3C832AAA116100C16CE6 /* CustomColors.swift */,
				48C863612A71534D007577E0 /* oxxxymiron.mp3 */,
				48C863652A796671007577E0 /* Gangsta paradise.mp3 */,
				48C395E52A9E437D00E9A20A /* DataSource.swift */,
				480A40092A69781800FA1E24 /* Main.storyboard */,
				480A400C2A69781900FA1E24 /* Assets.xcassets */,
				480A400E2A69781900FA1E24 /* LaunchScreen.storyboard */,
				480A40112A69781900FA1E24 /* Info.plist */,
			);
			path = MySpotify;
			sourceTree = "<group>";
		};
/* End PBXGroup section */

/* Begin PBXNativeTarget section */
		480A3FFF2A69781800FA1E24 /* MySpotify */ = {
			isa = PBXNativeTarget;
			buildConfigurationList = 480A40142A69781900FA1E24 /* Build configuration list for PBXNativeTarget "MySpotify" */;
			buildPhases = (
				480A3FFC2A69781800FA1E24 /* Sources */,
				480A3FFD2A69781800FA1E24 /* Frameworks */,
				480A3FFE2A69781800FA1E24 /* Resources */,
			);
			buildRules = (
			);
			dependencies = (
			);
			name = MySpotify;
			productName = MySpotify;
			productReference = 480A40002A69781800FA1E24 /* MySpotify.app */;
			productType = "com.apple.product-type.application";
		};
/* End PBXNativeTarget section */

/* Begin PBXProject section */
		480A3FF82A69781800FA1E24 /* Project object */ = {
			isa = PBXProject;
			attributes = {
				BuildIndependentTargetsInParallel = 1;
				LastSwiftUpdateCheck = 1430;
				LastUpgradeCheck = 1430;
				TargetAttributes = {
					480A3FFF2A69781800FA1E24 = {
						CreatedOnToolsVersion = 14.3.1;
					};
				};
			};
			buildConfigurationList = 480A3FFB2A69781800FA1E24 /* Build configuration list for PBXProject "MySpotify" */;
			compatibilityVersion = "Xcode 14.0";
			developmentRegion = en;
			hasScannedForEncodings = 0;
			knownRegions = (
				en,
				Base,
			);
			mainGroup = 480A3FF72A69781800FA1E24;
			productRefGroup = 480A40012A69781800FA1E24 /* Products */;
			projectDirPath = "";
			projectRoot = "";
			targets = (
				480A3FFF2A69781800FA1E24 /* MySpotify */,
			);
		};
/* End PBXProject section */

/* Begin PBXResourcesBuildPhase section */
		480A3FFE2A69781800FA1E24 /* Resources */ = {
			isa = PBXResourcesBuildPhase;
			buildActionMask = 2147483647;
			files = (
				480A40102A69781900FA1E24 /* LaunchScreen.storyboard in Resources */,
				48C863622A71534D007577E0 /* oxxxymiron.mp3 in Resources */,
				480A400D2A69781900FA1E24 /* Assets.xcassets in Resources */,
				480A400B2A69781800FA1E24 /* Main.storyboard in Resources */,
				48C863662A796671007577E0 /* Gangsta paradise.mp3 in Resources */,
			);
			runOnlyForDeploymentPostprocessing = 0;
		};
/* End PBXResourcesBuildPhase section */

/* Begin PBXSourcesBuildPhase section */
		480A3FFC2A69781800FA1E24 /* Sources */ = {
			isa = PBXSourcesBuildPhase;
			buildActionMask = 2147483647;
			files = (
				480A40082A69781800FA1E24 /* ViewController.swift in Sources */,
				48C863602A714E60007577E0 /* Track.swift in Sources */,
				480A40042A69781800FA1E24 /* AppDelegate.swift in Sources */,
				48C395E42A9E41E200E9A20A /* Playlist.swift in Sources */,
				480A40062A69781800FA1E24 /* SceneDelegate.swift in Sources */,
				48C863642A716358007577E0 /* TrackViewController.swift in Sources */,
				48C395E62A9E437D00E9A20A /* DataSource.swift in Sources */,
				482E3C842AAA116100C16CE6 /* CustomColors.swift in Sources */,
				48C8635E2A714DC6007577E0 /* ItemTrackView.swift in Sources */,
			);
			runOnlyForDeploymentPostprocessing = 0;
		};
/* End PBXSourcesBuildPhase section */

/* Begin PBXVariantGroup section */
		480A40092A69781800FA1E24 /* Main.storyboard */ = {
			isa = PBXVariantGroup;
			children = (
				480A400A2A69781800FA1E24 /* Base */,
			);
			name = Main.storyboard;
			sourceTree = "<group>";
		};
		480A400E2A69781900FA1E24 /* LaunchScreen.storyboard */ = {
			isa = PBXVariantGroup;
			children = (
				480A400F2A69781900FA1E24 /* Base */,
			);
			name = LaunchScreen.storyboard;
			sourceTree = "<group>";
		};
/* End PBXVariantGroup section */

/* Begin XCBuildConfiguration section */
		480A40122A69781900FA1E24 /* Debug */ = {
			isa = XCBuildConfiguration;
			buildSettings = {
				ALWAYS_SEARCH_USER_PATHS = NO;
				CLANG_ANALYZER_NONNULL = YES;
				CLANG_ANALYZER_NUMBER_OBJECT_CONVERSION = YES_AGGRESSIVE;
				CLANG_CXX_LANGUAGE_STANDARD = "gnu++20";
				CLANG_ENABLE_MODULES = YES;
				CLANG_ENABLE_OBJC_ARC = YES;
				CLANG_ENABLE_OBJC_WEAK = YES;
				CLANG_WARN_BLOCK_CAPTURE_AUTORELEASING = YES;
				CLANG_WARN_BOOL_CONVERSION = YES;
				CLANG_WARN_COMMA = YES;
				CLANG_WARN_CONSTANT_CONVERSION = YES;
				CLANG_WARN_DEPRECATED_OBJC_IMPLEMENTATIONS = YES;
				CLANG_WARN_DIRECT_OBJC_ISA_USAGE = YES_ERROR;
				CLANG_WARN_DOCUMENTATION_COMMENTS = YES;
				CLANG_WARN_EMPTY_BODY = YES;
				CLANG_WARN_ENUM_CONVERSION = YES;
				CLANG_WARN_INFINITE_RECURSION = YES;
				CLANG_WARN_INT_CONVERSION = YES;
				CLANG_WARN_NON_LITERAL_NULL_CONVERSION = YES;
				CLANG_WARN_OBJC_IMPLICIT_RETAIN_SELF = YES;
				CLANG_WARN_OBJC_LITERAL_CONVERSION = YES;
				CLANG_WARN_OBJC_ROOT_CLASS = YES_ERROR;
				CLANG_WARN_QUOTED_INCLUDE_IN_FRAMEWORK_HEADER = YES;
				CLANG_WARN_RANGE_LOOP_ANALYSIS = YES;
				CLANG_WARN_STRICT_PROTOTYPES = YES;
				CLANG_WARN_SUSPICIOUS_MOVE = YES;
				CLANG_WARN_UNGUARDED_AVAILABILITY = YES_AGGRESSIVE;
				CLANG_WARN_UNREACHABLE_CODE = YES;
				CLANG_WARN__DUPLICATE_METHOD_MATCH = YES;
				COPY_PHASE_STRIP = NO;
				DEBUG_INFORMATION_FORMAT = dwarf;
				ENABLE_STRICT_OBJC_MSGSEND = YES;
				ENABLE_TESTABILITY = YES;
				GCC_C_LANGUAGE_STANDARD = gnu11;
				GCC_DYNAMIC_NO_PIC = NO;
				GCC_NO_COMMON_BLOCKS = YES;
				GCC_OPTIMIZATION_LEVEL = 0;
				GCC_PREPROCESSOR_DEFINITIONS = (
					"DEBUG=1",
					"$(inherited)",
				);
				GCC_WARN_64_TO_32_BIT_CONVERSION = YES;
				GCC_WARN_ABOUT_RETURN_TYPE = YES_ERROR;
				GCC_WARN_UNDECLARED_SELECTOR = YES;
				GCC_WARN_UNINITIALIZED_AUTOS = YES_AGGRESSIVE;
				GCC_WARN_UNUSED_FUNCTION = YES;
				GCC_WARN_UNUSED_VARIABLE = YES;
				IPHONEOS_DEPLOYMENT_TARGET = 16.4;
				MTL_ENABLE_DEBUG_INFO = INCLUDE_SOURCE;
				MTL_FAST_MATH = YES;
				ONLY_ACTIVE_ARCH = YES;
				SDKROOT = iphoneos;
				SWIFT_ACTIVE_COMPILATION_CONDITIONS = DEBUG;
				SWIFT_OPTIMIZATION_LEVEL = "-Onone";
			};
			name = Debug;
		};
		480A40132A69781900FA1E24 /* Release */ = {
			isa = XCBuildConfiguration;
			buildSettings = {
				ALWAYS_SEARCH_USER_PATHS = NO;
				CLANG_ANALYZER_NONNULL = YES;
				CLANG_ANALYZER_NUMBER_OBJECT_CONVERSION = YES_AGGRESSIVE;
				CLANG_CXX_LANGUAGE_STANDARD = "gnu++20";
				CLANG_ENABLE_MODULES = YES;
				CLANG_ENABLE_OBJC_ARC = YES;
				CLANG_ENABLE_OBJC_WEAK = YES;
				CLANG_WARN_BLOCK_CAPTURE_AUTORELEASING = YES;
				CLANG_WARN_BOOL_CONVERSION = YES;
				CLANG_WARN_COMMA = YES;
				CLANG_WARN_CONSTANT_CONVERSION = YES;
				CLANG_WARN_DEPRECATED_OBJC_IMPLEMENTATIONS = YES;
				CLANG_WARN_DIRECT_OBJC_ISA_USAGE = YES_ERROR;
				CLANG_WARN_DOCUMENTATION_COMMENTS = YES;
				CLANG_WARN_EMPTY_BODY = YES;
				CLANG_WARN_ENUM_CONVERSION = YES;
				CLANG_WARN_INFINITE_RECURSION = YES;
				CLANG_WARN_INT_CONVERSION = YES;
				CLANG_WARN_NON_LITERAL_NULL_CONVERSION = YES;
				CLANG_WARN_OBJC_IMPLICIT_RETAIN_SELF = YES;
				CLANG_WARN_OBJC_LITERAL_CONVERSION = YES;
				CLANG_WARN_OBJC_ROOT_CLASS = YES_ERROR;
				CLANG_WARN_QUOTED_INCLUDE_IN_FRAMEWORK_HEADER = YES;
				CLANG_WARN_RANGE_LOOP_ANALYSIS = YES;
				CLANG_WARN_STRICT_PROTOTYPES = YES;
				CLANG_WARN_SUSPICIOUS_MOVE = YES;
				CLANG_WARN_UNGUARDED_AVAILABILITY = YES_AGGRESSIVE;
				CLANG_WARN_UNREACHABLE_CODE = YES;
				CLANG_WARN__DUPLICATE_METHOD_MATCH = YES;
				COPY_PHASE_STRIP = NO;
				DEBUG_INFORMATION_FORMAT = "dwarf-with-dsym";
				ENABLE_NS_ASSERTIONS = NO;
				ENABLE_STRICT_OBJC_MSGSEND = YES;
				GCC_C_LANGUAGE_STANDARD = gnu11;
				GCC_NO_COMMON_BLOCKS = YES;
				GCC_WARN_64_TO_32_BIT_CONVERSION = YES;
				GCC_WARN_ABOUT_RETURN_TYPE = YES_ERROR;
				GCC_WARN_UNDECLARED_SELECTOR = YES;
				GCC_WARN_UNINITIALIZED_AUTOS = YES_AGGRESSIVE;
				GCC_WARN_UNUSED_FUNCTION = YES;
				GCC_WARN_UNUSED_VARIABLE = YES;
				IPHONEOS_DEPLOYMENT_TARGET = 16.4;
				MTL_ENABLE_DEBUG_INFO = NO;
				MTL_FAST_MATH = YES;
				SDKROOT = iphoneos;
				SWIFT_COMPILATION_MODE = wholemodule;
				SWIFT_OPTIMIZATION_LEVEL = "-O";
				VALIDATE_PRODUCT = YES;
			};
			name = Release;
		};
		480A40152A69781900FA1E24 /* Debug */ = {
			isa = XCBuildConfiguration;
			buildSettings = {
				ASSETCATALOG_COMPILER_APPICON_NAME = AppIcon;
				ASSETCATALOG_COMPILER_GLOBAL_ACCENT_COLOR_NAME = AccentColor;
				CODE_SIGN_STYLE = Automatic;
				CURRENT_PROJECT_VERSION = 1;
				GENERATE_INFOPLIST_FILE = YES;
				INFOPLIST_FILE = MySpotify/Info.plist;
				INFOPLIST_KEY_UIApplicationSupportsIndirectInputEvents = YES;
				INFOPLIST_KEY_UILaunchStoryboardName = LaunchScreen;
				INFOPLIST_KEY_UIMainStoryboardFile = Main;
				INFOPLIST_KEY_UISupportedInterfaceOrientations_iPad = "UIInterfaceOrientationPortrait UIInterfaceOrientationPortraitUpsideDown UIInterfaceOrientationLandscapeLeft UIInterfaceOrientationLandscapeRight";
				INFOPLIST_KEY_UISupportedInterfaceOrientations_iPhone = "UIInterfaceOrientationPortrait UIInterfaceOrientationLandscapeLeft UIInterfaceOrientationLandscapeRight";
				LD_RUNPATH_SEARCH_PATHS = (
					"$(inherited)",
					"@executable_path/Frameworks",
				);
				MARKETING_VERSION = 1.0;
				PRODUCT_BUNDLE_IDENTIFIER = SabinaGrinenko.MySpotify;
				PRODUCT_NAME = "$(TARGET_NAME)";
				SWIFT_EMIT_LOC_STRINGS = YES;
				SWIFT_VERSION = 5.0;
				TARGETED_DEVICE_FAMILY = "1,2";
			};
			name = Debug;
		};
		480A40162A69781900FA1E24 /* Release */ = {
			isa = XCBuildConfiguration;
			buildSettings = {
				ASSETCATALOG_COMPILER_APPICON_NAME = AppIcon;
				ASSETCATALOG_COMPILER_GLOBAL_ACCENT_COLOR_NAME = AccentColor;
				CODE_SIGN_STYLE = Automatic;
				CURRENT_PROJECT_VERSION = 1;
				GENERATE_INFOPLIST_FILE = YES;
				INFOPLIST_FILE = MySpotify/Info.plist;
				INFOPLIST_KEY_UIApplicationSupportsIndirectInputEvents = YES;
				INFOPLIST_KEY_UILaunchStoryboardName = LaunchScreen;
				INFOPLIST_KEY_UIMainStoryboardFile = Main;
				INFOPLIST_KEY_UISupportedInterfaceOrientations_iPad = "UIInterfaceOrientationPortrait UIInterfaceOrientationPortraitUpsideDown UIInterfaceOrientationLandscapeLeft UIInterfaceOrientationLandscapeRight";
				INFOPLIST_KEY_UISupportedInterfaceOrientations_iPhone = "UIInterfaceOrientationPortrait UIInterfaceOrientationLandscapeLeft UIInterfaceOrientationLandscapeRight";
				LD_RUNPATH_SEARCH_PATHS = (
					"$(inherited)",
					"@executable_path/Frameworks",
				);
				MARKETING_VERSION = 1.0;
				PRODUCT_BUNDLE_IDENTIFIER = SabinaGrinenko.MySpotify;
				PRODUCT_NAME = "$(TARGET_NAME)";
				SWIFT_EMIT_LOC_STRINGS = YES;
				SWIFT_VERSION = 5.0;
				TARGETED_DEVICE_FAMILY = "1,2";
			};
			name = Release;
		};
/* End XCBuildConfiguration section */

/* Begin XCConfigurationList section */
		480A3FFB2A69781800FA1E24 /* Build configuration list for PBXProject "MySpotify" */ = {
			isa = XCConfigurationList;
			buildConfigurations = (
				480A40122A69781900FA1E24 /* Debug */,
				480A40132A69781900FA1E24 /* Release */,
			);
			defaultConfigurationIsVisible = 0;
			defaultConfigurationName = Release;
		};
		480A40142A69781900FA1E24 /* Build configuration list for PBXNativeTarget "MySpotify" */ = {
			isa = XCConfigurationList;
			buildConfigurations = (
				480A40152A69781900FA1E24 /* Debug */,
				480A40162A69781900FA1E24 /* Release */,
			);
			defaultConfigurationIsVisible = 0;
			defaultConfigurationName = Release;
		};
/* End XCConfigurationList section */
	};
	rootObject = 480A3FF82A69781800FA1E24 /* Project object */;
}
